
Microsoft Visual Studio Solution File, Format Version 12.00
# Visual Studio Version 16
VisualStudioVersion = 16.0.30503.244
MinimumVisualStudioVersion = 10.0.40219.1
Project("{FAE04EC0-301F-11D3-BF4B-00C04F79EFBC}") = "P1MeterConsole", "P1MeterConsole\P1MeterConsole.csproj", "{CD94EB54-ADFA-4182-9310-5756A428AE17}"
EndProject
Global
	GlobalSection(SolutionConfigurationPlatforms) = preSolution
		Debug|Any CPU = Debug|Any CPU
		Release|Any CPU = Release|Any CPU
	EndGlobalSection
	GlobalSection(ProjectConfigurationPlatforms) = postSolution
		{CD94EB54-ADFA-4182-9310-5756A428AE17}.Debug|Any CPU.ActiveCfg = Debug|Any CPU
		{CD94EB54-ADFA-4182-9310-5756A428AE17}.Debug|Any CPU.Build.0 = Debug|Any CPU
		{CD94EB54-ADFA-4182-9310-5756A428AE17}.Release|Any CPU.ActiveCfg = Release|Any CPU
		{CD94EB54-ADFA-4182-9310-5756A428AE17}.Release|Any CPU.Build.0 = Release|Any CPU
	EndGlobalSection
	GlobalSection(SolutionProperties) = preSolution
		HideSolutionNode = FALSE
	EndGlobalSection
	GlobalSection(ExtensibilityGlobals) = postSolution
		SolutionGuid = {375B4CA0-34EF-4EC5-BA7D-B93807A26C2A}
	EndGlobalSection
EndGlobal
